
Microsoft Visual Studio Solution File, Format Version 12.00
# Visual Studio 15
VisualStudioVersion = 15.0.26014.0
MinimumVisualStudioVersion = 10.0.40219.1
Project("{FAE04EC0-301F-11D3-BF4B-00C04F79EFBC}") = "TDD_Test", "TDD_Test\TDD_Test.csproj", "{A2DB5EBF-38B6-4499-AA59-F71575C751CA}"
EndProject
Project("{FAE04EC0-301F-11D3-BF4B-00C04F79EFBC}") = "TDD_Test.Library", "TDD_Test.Library\TDD_Test.Library.csproj", "{DD48B688-B79E-4B86-BF72-53C0B9730E4E}"
EndProject
Project("{FAE04EC0-301F-11D3-BF4B-00C04F79EFBC}") = "TDD_Test.Library.Tests", "TDD_Test.Library.Tests\TDD_Test.Library.Tests.csproj", "{259BA4E0-3067-4AD3-9AAA-7942B454E4F4}"
EndProject
Global
	GlobalSection(SolutionConfigurationPlatforms) = preSolution
		Debug|Any CPU = Debug|Any CPU
		Release|Any CPU = Release|Any CPU
	EndGlobalSection
	GlobalSection(ProjectConfigurationPlatforms) = postSolution
		{A2DB5EBF-38B6-4499-AA59-F71575C751CA}.Debug|Any CPU.ActiveCfg = Debug|Any CPU
		{A2DB5EBF-38B6-4499-AA59-F71575C751CA}.Debug|Any CPU.Build.0 = Debug|Any CPU
		{A2DB5EBF-38B6-4499-AA59-F71575C751CA}.Release|Any CPU.ActiveCfg = Release|Any CPU
		{A2DB5EBF-38B6-4499-AA59-F71575C751CA}.Release|Any CPU.Build.0 = Release|Any CPU
		{DD48B688-B79E-4B86-BF72-53C0B9730E4E}.Debug|Any CPU.ActiveCfg = Debug|Any CPU
		{DD48B688-B79E-4B86-BF72-53C0B9730E4E}.Debug|Any CPU.Build.0 = Debug|Any CPU
		{DD48B688-B79E-4B86-BF72-53C0B9730E4E}.Release|Any CPU.ActiveCfg = Release|Any CPU
		{DD48B688-B79E-4B86-BF72-53C0B9730E4E}.Release|Any CPU.Build.0 = Release|Any CPU
		{259BA4E0-3067-4AD3-9AAA-7942B454E4F4}.Debug|Any CPU.ActiveCfg = Debug|Any CPU
		{259BA4E0-3067-4AD3-9AAA-7942B454E4F4}.Debug|Any CPU.Build.0 = Debug|Any CPU
		{259BA4E0-3067-4AD3-9AAA-7942B454E4F4}.Release|Any CPU.ActiveCfg = Release|Any CPU
		{259BA4E0-3067-4AD3-9AAA-7942B454E4F4}.Release|Any CPU.Build.0 = Release|Any CPU
	EndGlobalSection
	GlobalSection(SolutionProperties) = preSolution
		HideSolutionNode = FALSE
	EndGlobalSection
EndGlobal
